// !$*UTF8*$!
{
	archiveVersion = 1;
	classes = {
	};
	objectVersion = 56;
	objects = {

/* Begin PBXBuildFile section */
		4691BBCD29B91FD50088CCF2 /* AppDelegate.swift in Sources */ = {isa = PBXBuildFile; fileRef = 4691BBCC29B91FD50088CCF2 /* AppDelegate.swift */; };
		4691BBCF29B91FD50088CCF2 /* SceneDelegate.swift in Sources */ = {isa = PBXBuildFile; fileRef = 4691BBCE29B91FD50088CCF2 /* SceneDelegate.swift */; };
		4691BBD129B91FD50088CCF2 /* ECTabBarController.swift in Sources */ = {isa = PBXBuildFile; fileRef = 4691BBD029B91FD50088CCF2 /* ECTabBarController.swift */; };
		4691BBD629B91FD60088CCF2 /* Assets.xcassets in Resources */ = {isa = PBXBuildFile; fileRef = 4691BBD529B91FD60088CCF2 /* Assets.xcassets */; };
		4691BBD929B91FD60088CCF2 /* LaunchScreen.storyboard in Resources */ = {isa = PBXBuildFile; fileRef = 4691BBD729B91FD60088CCF2 /* LaunchScreen.storyboard */; };
		4691BBE829B920FD0088CCF2 /* ECCar.swift in Sources */ = {isa = PBXBuildFile; fileRef = 4691BBE729B920FD0088CCF2 /* ECCar.swift */; };
		4691BBEA29B9460E0088CCF2 /* ECCarViewController.swift in Sources */ = {isa = PBXBuildFile; fileRef = 4691BBE929B9460E0088CCF2 /* ECCarViewController.swift */; };
		4691BBEC29B9462B0088CCF2 /* ECStationViewController.swift in Sources */ = {isa = PBXBuildFile; fileRef = 4691BBEB29B9462B0088CCF2 /* ECStationViewController.swift */; };
		4691BBEE29B946470088CCF2 /* ECStation.swift in Sources */ = {isa = PBXBuildFile; fileRef = 4691BBED29B946470088CCF2 /* ECStation.swift */; };
/* End PBXBuildFile section */

/* Begin PBXFileReference section */
		4691BBC929B91FD50088CCF2 /* eCars.app */ = {isa = PBXFileReference; explicitFileType = wrapper.application; includeInIndex = 0; path = eCars.app; sourceTree = BUILT_PRODUCTS_DIR; };
		4691BBCC29B91FD50088CCF2 /* AppDelegate.swift */ = {isa = PBXFileReference; lastKnownFileType = sourcecode.swift; path = AppDelegate.swift; sourceTree = "<group>"; };
		4691BBCE29B91FD50088CCF2 /* SceneDelegate.swift */ = {isa = PBXFileReference; lastKnownFileType = sourcecode.swift; path = SceneDelegate.swift; sourceTree = "<group>"; };
		4691BBD029B91FD50088CCF2 /* ECTabBarController.swift */ = {isa = PBXFileReference; lastKnownFileType = sourcecode.swift; path = ECTabBarController.swift; sourceTree = "<group>"; };
		4691BBD529B91FD60088CCF2 /* Assets.xcassets */ = {isa = PBXFileReference; lastKnownFileType = folder.assetcatalog; path = Assets.xcassets; sourceTree = "<group>"; };
		4691BBD829B91FD60088CCF2 /* Base */ = {isa = PBXFileReference; lastKnownFileType = file.storyboard; name = Base; path = Base.lproj/LaunchScreen.storyboard; sourceTree = "<group>"; };
		4691BBDA29B91FD60088CCF2 /* Info.plist */ = {isa = PBXFileReference; lastKnownFileType = text.plist.xml; path = Info.plist; sourceTree = "<group>"; };
		4691BBE729B920FD0088CCF2 /* ECCar.swift */ = {isa = PBXFileReference; lastKnownFileType = sourcecode.swift; path = ECCar.swift; sourceTree = "<group>"; };
		4691BBE929B9460E0088CCF2 /* ECCarViewController.swift */ = {isa = PBXFileReference; lastKnownFileType = sourcecode.swift; path = ECCarViewController.swift; sourceTree = "<group>"; };
		4691BBEB29B9462B0088CCF2 /* ECStationViewController.swift */ = {isa = PBXFileReference; lastKnownFileType = sourcecode.swift; path = ECStationViewController.swift; sourceTree = "<group>"; };
		4691BBED29B946470088CCF2 /* ECStation.swift */ = {isa = PBXFileReference; lastKnownFileType = sourcecode.swift; path = ECStation.swift; sourceTree = "<group>"; };
/* End PBXFileReference section */

/* Begin PBXFrameworksBuildPhase section */
		4691BBC629B91FD50088CCF2 /* Frameworks */ = {
			isa = PBXFrameworksBuildPhase;
			buildActionMask = 2147483647;
			files = (
			);
			runOnlyForDeploymentPostprocessing = 0;
		};
/* End PBXFrameworksBuildPhase section */

/* Begin PBXGroup section */
		4691BBC029B91FD50088CCF2 = {
			isa = PBXGroup;
			children = (
				4691BBCB29B91FD50088CCF2 /* eCars */,
				4691BBCA29B91FD50088CCF2 /* Products */,
			);
			sourceTree = "<group>";
		};
		4691BBCA29B91FD50088CCF2 /* Products */ = {
			isa = PBXGroup;
			children = (
				4691BBC929B91FD50088CCF2 /* eCars.app */,
			);
			name = Products;
			sourceTree = "<group>";
		};
		4691BBCB29B91FD50088CCF2 /* eCars */ = {
			isa = PBXGroup;
			children = (
				4691BBE629B920A50088CCF2 /* Resources */,
				4691BBE529B9209B0088CCF2 /* APIClient */,
				4691BBE429B920940088CCF2 /* Managers */,
				4691BBE329B9208B0088CCF2 /* ViewModels */,
				4691BBE229B920830088CCF2 /* Views */,
				4691BBE129B9207C0088CCF2 /* Models */,
				4691BBE029B920750088CCF2 /* Controllers */,
				4691BBDA29B91FD60088CCF2 /* Info.plist */,
			);
			path = eCars;
			sourceTree = "<group>";
		};
		4691BBE029B920750088CCF2 /* Controllers */ = {
			isa = PBXGroup;
			children = (
				4691BBD029B91FD50088CCF2 /* ECTabBarController.swift */,
				4691BBE929B9460E0088CCF2 /* ECCarViewController.swift */,
				4691BBEB29B9462B0088CCF2 /* ECStationViewController.swift */,
			);
			path = Controllers;
			sourceTree = "<group>";
		};
		4691BBE129B9207C0088CCF2 /* Models */ = {
			isa = PBXGroup;
			children = (
				4691BBE729B920FD0088CCF2 /* ECCar.swift */,
				4691BBED29B946470088CCF2 /* ECStation.swift */,
			);
			path = Models;
			sourceTree = "<group>";
		};
		4691BBE229B920830088CCF2 /* Views */ = {
			isa = PBXGroup;
			children = (
			);
			path = Views;
			sourceTree = "<group>";
		};
		4691BBE329B9208B0088CCF2 /* ViewModels */ = {
			isa = PBXGroup;
			children = (
			);
			path = ViewModels;
			sourceTree = "<group>";
		};
		4691BBE429B920940088CCF2 /* Managers */ = {
			isa = PBXGroup;
			children = (
			);
			path = Managers;
			sourceTree = "<group>";
		};
		4691BBE529B9209B0088CCF2 /* APIClient */ = {
			isa = PBXGroup;
			children = (
			);
			path = APIClient;
			sourceTree = "<group>";
		};
		4691BBE629B920A50088CCF2 /* Resources */ = {
			isa = PBXGroup;
			children = (
				4691BBCC29B91FD50088CCF2 /* AppDelegate.swift */,
				4691BBCE29B91FD50088CCF2 /* SceneDelegate.swift */,
				4691BBD529B91FD60088CCF2 /* Assets.xcassets */,
				4691BBD729B91FD60088CCF2 /* LaunchScreen.storyboard */,
			);
			path = Resources;
			sourceTree = "<group>";
		};
/* End PBXGroup section */

/* Begin PBXNativeTarget section */
		4691BBC829B91FD50088CCF2 /* eCars */ = {
			isa = PBXNativeTarget;
			buildConfigurationList = 4691BBDD29B91FD60088CCF2 /* Build configuration list for PBXNativeTarget "eCars" */;
			buildPhases = (
				4691BBC529B91FD50088CCF2 /* Sources */,
				4691BBC629B91FD50088CCF2 /* Frameworks */,
				4691BBC729B91FD50088CCF2 /* Resources */,
			);
			buildRules = (
			);
			dependencies = (
			);
			name = eCars;
			productName = eCars;
			productReference = 4691BBC929B91FD50088CCF2 /* eCars.app */;
			productType = "com.apple.product-type.application";
		};
/* End PBXNativeTarget section */

/* Begin PBXProject section */
		4691BBC129B91FD50088CCF2 /* Project object */ = {
			isa = PBXProject;
			attributes = {
				BuildIndependentTargetsInParallel = 1;
				LastSwiftUpdateCheck = 1420;
				LastUpgradeCheck = 1420;
				TargetAttributes = {
					4691BBC829B91FD50088CCF2 = {
						CreatedOnToolsVersion = 14.2;
					};
				};
			};
			buildConfigurationList = 4691BBC429B91FD50088CCF2 /* Build configuration list for PBXProject "eCars" */;
			compatibilityVersion = "Xcode 14.0";
			developmentRegion = en;
			hasScannedForEncodings = 0;
			knownRegions = (
				en,
				Base,
			);
			mainGroup = 4691BBC029B91FD50088CCF2;
			productRefGroup = 4691BBCA29B91FD50088CCF2 /* Products */;
			projectDirPath = "";
			projectRoot = "";
			targets = (
				4691BBC829B91FD50088CCF2 /* eCars */,
			);
		};
/* End PBXProject section */

/* Begin PBXResourcesBuildPhase section */
		4691BBC729B91FD50088CCF2 /* Resources */ = {
			isa = PBXResourcesBuildPhase;
			buildActionMask = 2147483647;
			files = (
				4691BBD929B91FD60088CCF2 /* LaunchScreen.storyboard in Resources */,
				4691BBD629B91FD60088CCF2 /* Assets.xcassets in Resources */,
			);
			runOnlyForDeploymentPostprocessing = 0;
		};
/* End PBXResourcesBuildPhase section */

/* Begin PBXSourcesBuildPhase section */
		4691BBC529B91FD50088CCF2 /* Sources */ = {
			isa = PBXSourcesBuildPhase;
			buildActionMask = 2147483647;
			files = (
				4691BBEA29B9460E0088CCF2 /* ECCarViewController.swift in Sources */,
				4691BBEC29B9462B0088CCF2 /* ECStationViewController.swift in Sources */,
				4691BBE829B920FD0088CCF2 /* ECCar.swift in Sources */,
				4691BBD129B91FD50088CCF2 /* ECTabBarController.swift in Sources */,
				4691BBEE29B946470088CCF2 /* ECStation.swift in Sources */,
				4691BBCD29B91FD50088CCF2 /* AppDelegate.swift in Sources */,
				4691BBCF29B91FD50088CCF2 /* SceneDelegate.swift in Sources */,
			);
			runOnlyForDeploymentPostprocessing = 0;
		};
/* End PBXSourcesBuildPhase section */

/* Begin PBXVariantGroup section */
		4691BBD729B91FD60088CCF2 /* LaunchScreen.storyboard */ = {
			isa = PBXVariantGroup;
			children = (
				4691BBD829B91FD60088CCF2 /* Base */,
			);
			name = LaunchScreen.storyboard;
			sourceTree = "<group>";
		};
/* End PBXVariantGroup section */

/* Begin XCBuildConfiguration section */
		4691BBDB29B91FD60088CCF2 /* Debug */ = {
			isa = XCBuildConfiguration;
			buildSettings = {
				ALWAYS_SEARCH_USER_PATHS = NO;
				CLANG_ANALYZER_NONNULL = YES;
				CLANG_ANALYZER_NUMBER_OBJECT_CONVERSION = YES_AGGRESSIVE;
				CLANG_CXX_LANGUAGE_STANDARD = "gnu++20";
				CLANG_ENABLE_MODULES = YES;
				CLANG_ENABLE_OBJC_ARC = YES;
				CLANG_ENABLE_OBJC_WEAK = YES;
				CLANG_WARN_BLOCK_CAPTURE_AUTORELEASING = YES;
				CLANG_WARN_BOOL_CONVERSION = YES;
				CLANG_WARN_COMMA = YES;
				CLANG_WARN_CONSTANT_CONVERSION = YES;
				CLANG_WARN_DEPRECATED_OBJC_IMPLEMENTATIONS = YES;
				CLANG_WARN_DIRECT_OBJC_ISA_USAGE = YES_ERROR;
				CLANG_WARN_DOCUMENTATION_COMMENTS = YES;
				CLANG_WARN_EMPTY_BODY = YES;
				CLANG_WARN_ENUM_CONVERSION = YES;
				CLANG_WARN_INFINITE_RECURSION = YES;
				CLANG_WARN_INT_CONVERSION = YES;
				CLANG_WARN_NON_LITERAL_NULL_CONVERSION = YES;
				CLANG_WARN_OBJC_IMPLICIT_RETAIN_SELF = YES;
				CLANG_WARN_OBJC_LITERAL_CONVERSION = YES;
				CLANG_WARN_OBJC_ROOT_CLASS = YES_ERROR;
				CLANG_WARN_QUOTED_INCLUDE_IN_FRAMEWORK_HEADER = YES;
				CLANG_WARN_RANGE_LOOP_ANALYSIS = YES;
				CLANG_WARN_STRICT_PROTOTYPES = YES;
				CLANG_WARN_SUSPICIOUS_MOVE = YES;
				CLANG_WARN_UNGUARDED_AVAILABILITY = YES_AGGRESSIVE;
				CLANG_WARN_UNREACHABLE_CODE = YES;
				CLANG_WARN__DUPLICATE_METHOD_MATCH = YES;
				COPY_PHASE_STRIP = NO;
				DEBUG_INFORMATION_FORMAT = dwarf;
				ENABLE_STRICT_OBJC_MSGSEND = YES;
				ENABLE_TESTABILITY = YES;
				GCC_C_LANGUAGE_STANDARD = gnu11;
				GCC_DYNAMIC_NO_PIC = NO;
				GCC_NO_COMMON_BLOCKS = YES;
				GCC_OPTIMIZATION_LEVEL = 0;
				GCC_PREPROCESSOR_DEFINITIONS = (
					"DEBUG=1",
					"$(inherited)",
				);
				GCC_WARN_64_TO_32_BIT_CONVERSION = YES;
				GCC_WARN_ABOUT_RETURN_TYPE = YES_ERROR;
				GCC_WARN_UNDECLARED_SELECTOR = YES;
				GCC_WARN_UNINITIALIZED_AUTOS = YES_AGGRESSIVE;
				GCC_WARN_UNUSED_FUNCTION = YES;
				GCC_WARN_UNUSED_VARIABLE = YES;
				IPHONEOS_DEPLOYMENT_TARGET = 16.2;
				MTL_ENABLE_DEBUG_INFO = INCLUDE_SOURCE;
				MTL_FAST_MATH = YES;
				ONLY_ACTIVE_ARCH = YES;
				SDKROOT = iphoneos;
				SWIFT_ACTIVE_COMPILATION_CONDITIONS = DEBUG;
				SWIFT_OPTIMIZATION_LEVEL = "-Onone";
			};
			name = Debug;
		};
		4691BBDC29B91FD60088CCF2 /* Release */ = {
			isa = XCBuildConfiguration;
			buildSettings = {
				ALWAYS_SEARCH_USER_PATHS = NO;
				CLANG_ANALYZER_NONNULL = YES;
				CLANG_ANALYZER_NUMBER_OBJECT_CONVERSION = YES_AGGRESSIVE;
				CLANG_CXX_LANGUAGE_STANDARD = "gnu++20";
				CLANG_ENABLE_MODULES = YES;
				CLANG_ENABLE_OBJC_ARC = YES;
				CLANG_ENABLE_OBJC_WEAK = YES;
				CLANG_WARN_BLOCK_CAPTURE_AUTORELEASING = YES;
				CLANG_WARN_BOOL_CONVERSION = YES;
				CLANG_WARN_COMMA = YES;
				CLANG_WARN_CONSTANT_CONVERSION = YES;
				CLANG_WARN_DEPRECATED_OBJC_IMPLEMENTATIONS = YES;
				CLANG_WARN_DIRECT_OBJC_ISA_USAGE = YES_ERROR;
				CLANG_WARN_DOCUMENTATION_COMMENTS = YES;
				CLANG_WARN_EMPTY_BODY = YES;
				CLANG_WARN_ENUM_CONVERSION = YES;
				CLANG_WARN_INFINITE_RECURSION = YES;
				CLANG_WARN_INT_CONVERSION = YES;
				CLANG_WARN_NON_LITERAL_NULL_CONVERSION = YES;
				CLANG_WARN_OBJC_IMPLICIT_RETAIN_SELF = YES;
				CLANG_WARN_OBJC_LITERAL_CONVERSION = YES;
				CLANG_WARN_OBJC_ROOT_CLASS = YES_ERROR;
				CLANG_WARN_QUOTED_INCLUDE_IN_FRAMEWORK_HEADER = YES;
				CLANG_WARN_RANGE_LOOP_ANALYSIS = YES;
				CLANG_WARN_STRICT_PROTOTYPES = YES;
				CLANG_WARN_SUSPICIOUS_MOVE = YES;
				CLANG_WARN_UNGUARDED_AVAILABILITY = YES_AGGRESSIVE;
				CLANG_WARN_UNREACHABLE_CODE = YES;
				CLANG_WARN__DUPLICATE_METHOD_MATCH = YES;
				COPY_PHASE_STRIP = NO;
				DEBUG_INFORMATION_FORMAT = "dwarf-with-dsym";
				ENABLE_NS_ASSERTIONS = NO;
				ENABLE_STRICT_OBJC_MSGSEND = YES;
				GCC_C_LANGUAGE_STANDARD = gnu11;
				GCC_NO_COMMON_BLOCKS = YES;
				GCC_WARN_64_TO_32_BIT_CONVERSION = YES;
				GCC_WARN_ABOUT_RETURN_TYPE = YES_ERROR;
				GCC_WARN_UNDECLARED_SELECTOR = YES;
				GCC_WARN_UNINITIALIZED_AUTOS = YES_AGGRESSIVE;
				GCC_WARN_UNUSED_FUNCTION = YES;
				GCC_WARN_UNUSED_VARIABLE = YES;
				IPHONEOS_DEPLOYMENT_TARGET = 16.2;
				MTL_ENABLE_DEBUG_INFO = NO;
				MTL_FAST_MATH = YES;
				SDKROOT = iphoneos;
				SWIFT_COMPILATION_MODE = wholemodule;
				SWIFT_OPTIMIZATION_LEVEL = "-O";
				VALIDATE_PRODUCT = YES;
			};
			name = Release;
		};
		4691BBDE29B91FD60088CCF2 /* Debug */ = {
			isa = XCBuildConfiguration;
			buildSettings = {
				ASSETCATALOG_COMPILER_APPICON_NAME = AppIcon;
				ASSETCATALOG_COMPILER_GLOBAL_ACCENT_COLOR_NAME = AccentColor;
				CODE_SIGN_STYLE = Automatic;
				CURRENT_PROJECT_VERSION = 1;
				DEVELOPMENT_TEAM = BX62ZR7RPJ;
				GENERATE_INFOPLIST_FILE = YES;
				INFOPLIST_FILE = eCars/Info.plist;
				INFOPLIST_KEY_UIApplicationSupportsIndirectInputEvents = YES;
				INFOPLIST_KEY_UILaunchStoryboardName = LaunchScreen;
				INFOPLIST_KEY_UISupportedInterfaceOrientations = UIInterfaceOrientationPortrait;
				INFOPLIST_KEY_UISupportedInterfaceOrientations_iPad = "UIInterfaceOrientationLandscapeLeft UIInterfaceOrientationLandscapeRight UIInterfaceOrientationPortrait UIInterfaceOrientationPortraitUpsideDown";
				LD_RUNPATH_SEARCH_PATHS = (
					"$(inherited)",
					"@executable_path/Frameworks",
				);
				MARKETING_VERSION = 1.0;
				PRODUCT_BUNDLE_IDENTIFIER = com.pipesa.eCars;
				PRODUCT_NAME = "$(TARGET_NAME)";
				SWIFT_EMIT_LOC_STRINGS = YES;
				SWIFT_VERSION = 5.0;
				TARGETED_DEVICE_FAMILY = "1,2";
			};
			name = Debug;
		};
		4691BBDF29B91FD60088CCF2 /* Release */ = {
			isa = XCBuildConfiguration;
			buildSettings = {
				ASSETCATALOG_COMPILER_APPICON_NAME = AppIcon;
				ASSETCATALOG_COMPILER_GLOBAL_ACCENT_COLOR_NAME = AccentColor;
				CODE_SIGN_STYLE = Automatic;
				CURRENT_PROJECT_VERSION = 1;
				DEVELOPMENT_TEAM = BX62ZR7RPJ;
				GENERATE_INFOPLIST_FILE = YES;
				INFOPLIST_FILE = eCars/Info.plist;
				INFOPLIST_KEY_UIApplicationSupportsIndirectInputEvents = YES;
				INFOPLIST_KEY_UILaunchStoryboardName = LaunchScreen;
				INFOPLIST_KEY_UISupportedInterfaceOrientations = UIInterfaceOrientationPortrait;
				INFOPLIST_KEY_UISupportedInterfaceOrientations_iPad = "UIInterfaceOrientationLandscapeLeft UIInterfaceOrientationLandscapeRight UIInterfaceOrientationPortrait UIInterfaceOrientationPortraitUpsideDown";
				LD_RUNPATH_SEARCH_PATHS = (
					"$(inherited)",
					"@executable_path/Frameworks",
				);
				MARKETING_VERSION = 1.0;
				PRODUCT_BUNDLE_IDENTIFIER = com.pipesa.eCars;
				PRODUCT_NAME = "$(TARGET_NAME)";
				SWIFT_EMIT_LOC_STRINGS = YES;
				SWIFT_VERSION = 5.0;
				TARGETED_DEVICE_FAMILY = "1,2";
			};
			name = Release;
		};
/* End XCBuildConfiguration section */

/* Begin XCConfigurationList section */
		4691BBC429B91FD50088CCF2 /* Build configuration list for PBXProject "eCars" */ = {
			isa = XCConfigurationList;
			buildConfigurations = (
				4691BBDB29B91FD60088CCF2 /* Debug */,
				4691BBDC29B91FD60088CCF2 /* Release */,
			);
			defaultConfigurationIsVisible = 0;
			defaultConfigurationName = Release;
		};
		4691BBDD29B91FD60088CCF2 /* Build configuration list for PBXNativeTarget "eCars" */ = {
			isa = XCConfigurationList;
			buildConfigurations = (
				4691BBDE29B91FD60088CCF2 /* Debug */,
				4691BBDF29B91FD60088CCF2 /* Release */,
			);
			defaultConfigurationIsVisible = 0;
			defaultConfigurationName = Release;
		};
/* End XCConfigurationList section */
	};
	rootObject = 4691BBC129B91FD50088CCF2 /* Project object */;
}
